
Microsoft Visual Studio Solution File, Format Version 12.00
# Visual Studio Version 17
VisualStudioVersion = 17.0.31903.59
MinimumVisualStudioVersion = 10.0.40219.1
Project("{2150E333-8FDC-42A3-9474-1A3956D46DE8}") = "src", "src", "{9C147FA4-F2B0-4993-9714-9126255E7FFA}"
EndProject
Project("{FAE04EC0-301F-11D3-BF4B-00C04F79EFBC}") = "Tcfc.Core", "src\Tcfc.Core\Tcfc.Core.csproj", "{DC1EFDDB-A269-4F7D-81EE-961278C76699}"
EndProject
Project("{2150E333-8FDC-42A3-9474-1A3956D46DE8}") = "tests", "tests", "{E2B2D69B-F3F0-4FF6-B7BD-6FE92AF3FCC1}"
EndProject
Project("{FAE04EC0-301F-11D3-BF4B-00C04F79EFBC}") = "Tcfc.Tests", "tests\Tcfc.Tests\Tcfc.Tests.csproj", "{179CDD3A-384E-4480-BC0C-061E5BD04F1E}"
EndProject
Global
	GlobalSection(SolutionConfigurationPlatforms) = preSolution
		Debug|Any CPU = Debug|Any CPU
		Release|Any CPU = Release|Any CPU
	EndGlobalSection
	GlobalSection(SolutionProperties) = preSolution
		HideSolutionNode = FALSE
	EndGlobalSection
	GlobalSection(ProjectConfigurationPlatforms) = postSolution
		{DC1EFDDB-A269-4F7D-81EE-961278C76699}.Debug|Any CPU.ActiveCfg = Debug|Any CPU
		{DC1EFDDB-A269-4F7D-81EE-961278C76699}.Debug|Any CPU.Build.0 = Debug|Any CPU
		{DC1EFDDB-A269-4F7D-81EE-961278C76699}.Release|Any CPU.ActiveCfg = Release|Any CPU
		{DC1EFDDB-A269-4F7D-81EE-961278C76699}.Release|Any CPU.Build.0 = Release|Any CPU
		{179CDD3A-384E-4480-BC0C-061E5BD04F1E}.Debug|Any CPU.ActiveCfg = Debug|Any CPU
		{179CDD3A-384E-4480-BC0C-061E5BD04F1E}.Debug|Any CPU.Build.0 = Debug|Any CPU
		{179CDD3A-384E-4480-BC0C-061E5BD04F1E}.Release|Any CPU.ActiveCfg = Release|Any CPU
		{179CDD3A-384E-4480-BC0C-061E5BD04F1E}.Release|Any CPU.Build.0 = Release|Any CPU
	EndGlobalSection
	GlobalSection(NestedProjects) = preSolution
		{DC1EFDDB-A269-4F7D-81EE-961278C76699} = {9C147FA4-F2B0-4993-9714-9126255E7FFA}
		{179CDD3A-384E-4480-BC0C-061E5BD04F1E} = {E2B2D69B-F3F0-4FF6-B7BD-6FE92AF3FCC1}
	EndGlobalSection
EndGlobal
